
Microsoft Visual Studio Solution File, Format Version 12.00
# Visual Studio Version 16
VisualStudioVersion = 16.0.28809.33
MinimumVisualStudioVersion = 10.0.40219.1
Project("{FAE04EC0-301F-11D3-BF4B-00C04F79EFBC}") = "RGB", "RGB\RGB.csproj", "{76706B4F-1ABE-47E1-B388-56AD2FCF97BD}"
EndProject
Global
	GlobalSection(SolutionConfigurationPlatforms) = preSolution
		Debug|Any CPU = Debug|Any CPU
		Release|Any CPU = Release|Any CPU
	EndGlobalSection
	GlobalSection(ProjectConfigurationPlatforms) = postSolution
		{76706B4F-1ABE-47E1-B388-56AD2FCF97BD}.Debug|Any CPU.ActiveCfg = Debug|Any CPU
		{76706B4F-1ABE-47E1-B388-56AD2FCF97BD}.Debug|Any CPU.Build.0 = Debug|Any CPU
		{76706B4F-1ABE-47E1-B388-56AD2FCF97BD}.Release|Any CPU.ActiveCfg = Release|Any CPU
		{76706B4F-1ABE-47E1-B388-56AD2FCF97BD}.Release|Any CPU.Build.0 = Release|Any CPU
	EndGlobalSection
	GlobalSection(SolutionProperties) = preSolution
		HideSolutionNode = FALSE
	EndGlobalSection
	GlobalSection(ExtensibilityGlobals) = postSolution
		SolutionGuid = {4C35DFC3-7DD9-44F3-AC53-09D9C3F46AD2}
	EndGlobalSection
EndGlobal
