
Microsoft Visual Studio Solution File, Format Version 12.00
# Visual Studio Version 16
VisualStudioVersion = 16.0.28809.33
MinimumVisualStudioVersion = 10.0.40219.1
Project("{9A19103F-16F7-4668-BE54-9A1E7A4F7556}") = "LightLinkModels", "..\..\LLS\LightLinkModels\LightLinkModels\LightLinkModels.csproj", "{39EB02BC-DE04-4DDB-86AD-48CF73D78060}"
EndProject
Project("{9A19103F-16F7-4668-BE54-9A1E7A4F7556}") = "LightLinkDLL", "LightLinkDLL\LightLinkDLL.csproj", "{2EF25DA4-B4B6-4E35-83B1-B4C27A70D849}"
EndProject
Global
	GlobalSection(SolutionConfigurationPlatforms) = preSolution
		Debug|Any CPU = Debug|Any CPU
		Release|Any CPU = Release|Any CPU
	EndGlobalSection
	GlobalSection(ProjectConfigurationPlatforms) = postSolution
		{39EB02BC-DE04-4DDB-86AD-48CF73D78060}.Debug|Any CPU.ActiveCfg = Debug|Any CPU
		{39EB02BC-DE04-4DDB-86AD-48CF73D78060}.Debug|Any CPU.Build.0 = Debug|Any CPU
		{39EB02BC-DE04-4DDB-86AD-48CF73D78060}.Release|Any CPU.ActiveCfg = Release|Any CPU
		{39EB02BC-DE04-4DDB-86AD-48CF73D78060}.Release|Any CPU.Build.0 = Release|Any CPU
		{2EF25DA4-B4B6-4E35-83B1-B4C27A70D849}.Debug|Any CPU.ActiveCfg = Debug|Any CPU
		{2EF25DA4-B4B6-4E35-83B1-B4C27A70D849}.Debug|Any CPU.Build.0 = Debug|Any CPU
		{2EF25DA4-B4B6-4E35-83B1-B4C27A70D849}.Release|Any CPU.ActiveCfg = Release|Any CPU
		{2EF25DA4-B4B6-4E35-83B1-B4C27A70D849}.Release|Any CPU.Build.0 = Release|Any CPU
	EndGlobalSection
	GlobalSection(SolutionProperties) = preSolution
		HideSolutionNode = FALSE
	EndGlobalSection
	GlobalSection(ExtensibilityGlobals) = postSolution
		SolutionGuid = {0C3D4298-A067-4776-A4BF-1C2C72D23262}
	EndGlobalSection
EndGlobal
